// !$*UTF8*$!
{
	archiveVersion = 1;
	classes = {
	};
	objectVersion = 50;
	objects = {

/* Begin PBXBuildFile section */
		8382C1B1D235205464CF2697 /* Pods_MovieDBApp.framework in Frameworks */ = {isa = PBXBuildFile; fileRef = 58C6751F7EA4C4771C4B72C4 /* Pods_MovieDBApp.framework */; };
		EF10BAEC2349B278007ECBB6 /* MovieDetail.storyboard in Resources */ = {isa = PBXBuildFile; fileRef = EF10BAEB2349B278007ECBB6 /* MovieDetail.storyboard */; };
		EF10BAEE2349B497007ECBB6 /* MovieDetail.swift in Sources */ = {isa = PBXBuildFile; fileRef = EF10BAED2349B497007ECBB6 /* MovieDetail.swift */; };
		EF10BAF02349C928007ECBB6 /* MovieDetailResponse.swift in Sources */ = {isa = PBXBuildFile; fileRef = EF10BAEF2349C928007ECBB6 /* MovieDetailResponse.swift */; };
		EF10BB16234C8C7D007ECBB6 /* YTPlayerViewController.swift in Sources */ = {isa = PBXBuildFile; fileRef = EF10BB15234C8C7D007ECBB6 /* YTPlayerViewController.swift */; };
		EF10BB18234C9590007ECBB6 /* VideosListResponse.swift in Sources */ = {isa = PBXBuildFile; fileRef = EF10BB17234C9590007ECBB6 /* VideosListResponse.swift */; };
		EF10BB1A234C95B6007ECBB6 /* Trailer.swift in Sources */ = {isa = PBXBuildFile; fileRef = EF10BB19234C95B6007ECBB6 /* Trailer.swift */; };
		EF10BB1C234D975C007ECBB6 /* TokenResponse.swift in Sources */ = {isa = PBXBuildFile; fileRef = EF10BB1B234D975C007ECBB6 /* TokenResponse.swift */; };
		EF10BB1E234D9A29007ECBB6 /* BaseModel.swift in Sources */ = {isa = PBXBuildFile; fileRef = EF10BB1D234D9A29007ECBB6 /* BaseModel.swift */; };
		EF10BB20234D9AD7007ECBB6 /* SharedConstants.swift in Sources */ = {isa = PBXBuildFile; fileRef = EF10BB1F234D9AD7007ECBB6 /* SharedConstants.swift */; };
		EF10BB22234DA153007ECBB6 /* SessionResponse.swift in Sources */ = {isa = PBXBuildFile; fileRef = EF10BB21234DA153007ECBB6 /* SessionResponse.swift */; };
		EF13333123503399005EEEE3 /* Dialog.swift in Sources */ = {isa = PBXBuildFile; fileRef = EF13333023503399005EEEE3 /* Dialog.swift */; };
		EF1333332350389F005EEEE3 /* Extensions.swift in Sources */ = {isa = PBXBuildFile; fileRef = EF1333322350389F005EEEE3 /* Extensions.swift */; };
		EF28A21323490CD900C0BD8A /* Category.swift in Sources */ = {isa = PBXBuildFile; fileRef = EF28A21223490CD900C0BD8A /* Category.swift */; };
		EF2FA6272344B529000F09F6 /* AppDelegate.swift in Sources */ = {isa = PBXBuildFile; fileRef = EF2FA6262344B529000F09F6 /* AppDelegate.swift */; };
		EF2FA6292344B529000F09F6 /* SceneDelegate.swift in Sources */ = {isa = PBXBuildFile; fileRef = EF2FA6282344B529000F09F6 /* SceneDelegate.swift */; };
		EF2FA62B2344B529000F09F6 /* HomeViewController.swift in Sources */ = {isa = PBXBuildFile; fileRef = EF2FA62A2344B529000F09F6 /* HomeViewController.swift */; };
		EF2FA62E2344B529000F09F6 /* Main.storyboard in Resources */ = {isa = PBXBuildFile; fileRef = EF2FA62C2344B529000F09F6 /* Main.storyboard */; };
		EF2FA6302344B52B000F09F6 /* Assets.xcassets in Resources */ = {isa = PBXBuildFile; fileRef = EF2FA62F2344B52B000F09F6 /* Assets.xcassets */; };
		EF2FA6332344B52B000F09F6 /* LaunchScreen.storyboard in Resources */ = {isa = PBXBuildFile; fileRef = EF2FA6312344B52B000F09F6 /* LaunchScreen.storyboard */; };
		EF2FA63F23465977000F09F6 /* API.swift in Sources */ = {isa = PBXBuildFile; fileRef = EF2FA63E23465977000F09F6 /* API.swift */; };
		EF2FA64123465992000F09F6 /* Routes.swift in Sources */ = {isa = PBXBuildFile; fileRef = EF2FA64023465992000F09F6 /* Routes.swift */; };
		EF2FA64323465ABD000F09F6 /* NetworkUtil.swift in Sources */ = {isa = PBXBuildFile; fileRef = EF2FA64223465ABD000F09F6 /* NetworkUtil.swift */; };
		EF2FA64923465C4A000F09F6 /* SearchMovieListViewController.swift in Sources */ = {isa = PBXBuildFile; fileRef = EF2FA64823465C4A000F09F6 /* SearchMovieListViewController.swift */; };
		EF2FA64B23465C67000F09F6 /* MovieDetailViewController.swift in Sources */ = {isa = PBXBuildFile; fileRef = EF2FA64A23465C67000F09F6 /* MovieDetailViewController.swift */; };
		EF2FA64D23465C8E000F09F6 /* LoginViewController.swift in Sources */ = {isa = PBXBuildFile; fileRef = EF2FA64C23465C8E000F09F6 /* LoginViewController.swift */; };
		EF2FA64F2346603E000F09F6 /* MovieListTableViewCell.swift in Sources */ = {isa = PBXBuildFile; fileRef = EF2FA64E2346603E000F09F6 /* MovieListTableViewCell.swift */; };
		EF2FA65223466064000F09F6 /* MovieItemCollectionViewCell.swift in Sources */ = {isa = PBXBuildFile; fileRef = EF2FA65023466064000F09F6 /* MovieItemCollectionViewCell.swift */; };
		EF3A7C2A2347A34900D99A7F /* MovieInfoResponse.swift in Sources */ = {isa = PBXBuildFile; fileRef = EF3A7C292347A34900D99A7F /* MovieInfoResponse.swift */; };
		EF3A7C2D2347A3D500D99A7F /* MovieVO.swift in Sources */ = {isa = PBXBuildFile; fileRef = EF3A7C2C2347A3D500D99A7F /* MovieVO.swift */; };
		EF3A7C2F2347A3EE00D99A7F /* MovieGenreVO.swift in Sources */ = {isa = PBXBuildFile; fileRef = EF3A7C2E2347A3EE00D99A7F /* MovieGenreVO.swift */; };
		EF3A7C312347A43B00D99A7F /* MovieModel.swift in Sources */ = {isa = PBXBuildFile; fileRef = EF3A7C302347A43B00D99A7F /* MovieModel.swift */; };
		EF3A7C332347A92500D99A7F /* LoginModel.swift in Sources */ = {isa = PBXBuildFile; fileRef = EF3A7C322347A92500D99A7F /* LoginModel.swift */; };
		EF3A7C352347A94100D99A7F /* MovieListResponse.swift in Sources */ = {isa = PBXBuildFile; fileRef = EF3A7C342347A94100D99A7F /* MovieListResponse.swift */; };
		EF3A7C372347A95000D99A7F /* MovieGenreListResponse.swift in Sources */ = {isa = PBXBuildFile; fileRef = EF3A7C362347A95000D99A7F /* MovieGenreListResponse.swift */; };
		EF3A7C392347A96C00D99A7F /* LoginResponse.swift in Sources */ = {isa = PBXBuildFile; fileRef = EF3A7C382347A96C00D99A7F /* LoginResponse.swift */; };
		EF3A7C3B2347AB8000D99A7F /* MovieGenreResponse.swift in Sources */ = {isa = PBXBuildFile; fileRef = EF3A7C3A2347AB8000D99A7F /* MovieGenreResponse.swift */; };
		EF834173234DD3F600FE8656 /* StatusResponse.swift in Sources */ = {isa = PBXBuildFile; fileRef = EF834172234DD3F600FE8656 /* StatusResponse.swift */; };
		EF834175234DDBA700FE8656 /* ProfileViewController.swift in Sources */ = {isa = PBXBuildFile; fileRef = EF834174234DDBA700FE8656 /* ProfileViewController.swift */; };
		EF8FC617234DF600007A0C92 /* Account.storyboard in Resources */ = {isa = PBXBuildFile; fileRef = EF83417D234DF22600FE8656 /* Account.storyboard */; };
		EF8FC61A234DF7DD007A0C92 /* ProfileTabBarController.swift in Sources */ = {isa = PBXBuildFile; fileRef = EF8FC619234DF7DD007A0C92 /* ProfileTabBarController.swift */; };
		EF8FC61C234EE8AB007A0C92 /* CardView.swift in Sources */ = {isa = PBXBuildFile; fileRef = EF8FC61B234EE8AB007A0C92 /* CardView.swift */; };
		EF8FC61E234F210E007A0C92 /* UserVO.swift in Sources */ = {isa = PBXBuildFile; fileRef = EF8FC61D234F210E007A0C92 /* UserVO.swift */; };
/* End PBXBuildFile section */

/* Begin PBXFileReference section */
		55B90176EE81CFBA7BC42D1D /* Pods-MovieDBApp.release.xcconfig */ = {isa = PBXFileReference; includeInIndex = 1; lastKnownFileType = text.xcconfig; name = "Pods-MovieDBApp.release.xcconfig"; path = "Target Support Files/Pods-MovieDBApp/Pods-MovieDBApp.release.xcconfig"; sourceTree = "<group>"; };
		58C6751F7EA4C4771C4B72C4 /* Pods_MovieDBApp.framework */ = {isa = PBXFileReference; explicitFileType = wrapper.framework; includeInIndex = 0; path = Pods_MovieDBApp.framework; sourceTree = BUILT_PRODUCTS_DIR; };
		ABBAC49A175DE76ACA882890 /* Pods-MovieDBApp.debug.xcconfig */ = {isa = PBXFileReference; includeInIndex = 1; lastKnownFileType = text.xcconfig; name = "Pods-MovieDBApp.debug.xcconfig"; path = "Target Support Files/Pods-MovieDBApp/Pods-MovieDBApp.debug.xcconfig"; sourceTree = "<group>"; };
		EF10BAEB2349B278007ECBB6 /* MovieDetail.storyboard */ = {isa = PBXFileReference; lastKnownFileType = file.storyboard; path = MovieDetail.storyboard; sourceTree = "<group>"; };
		EF10BAED2349B497007ECBB6 /* MovieDetail.swift */ = {isa = PBXFileReference; lastKnownFileType = sourcecode.swift; path = MovieDetail.swift; sourceTree = "<group>"; };
		EF10BAEF2349C928007ECBB6 /* MovieDetailResponse.swift */ = {isa = PBXFileReference; lastKnownFileType = sourcecode.swift; path = MovieDetailResponse.swift; sourceTree = "<group>"; };
		EF10BB15234C8C7D007ECBB6 /* YTPlayerViewController.swift */ = {isa = PBXFileReference; lastKnownFileType = sourcecode.swift; path = YTPlayerViewController.swift; sourceTree = "<group>"; };
		EF10BB17234C9590007ECBB6 /* VideosListResponse.swift */ = {isa = PBXFileReference; lastKnownFileType = sourcecode.swift; path = VideosListResponse.swift; sourceTree = "<group>"; };
		EF10BB19234C95B6007ECBB6 /* Trailer.swift */ = {isa = PBXFileReference; lastKnownFileType = sourcecode.swift; path = Trailer.swift; sourceTree = "<group>"; };
		EF10BB1B234D975C007ECBB6 /* TokenResponse.swift */ = {isa = PBXFileReference; lastKnownFileType = sourcecode.swift; path = TokenResponse.swift; sourceTree = "<group>"; };
		EF10BB1D234D9A29007ECBB6 /* BaseModel.swift */ = {isa = PBXFileReference; lastKnownFileType = sourcecode.swift; path = BaseModel.swift; sourceTree = "<group>"; };
		EF10BB1F234D9AD7007ECBB6 /* SharedConstants.swift */ = {isa = PBXFileReference; lastKnownFileType = sourcecode.swift; path = SharedConstants.swift; sourceTree = "<group>"; };
		EF10BB21234DA153007ECBB6 /* SessionResponse.swift */ = {isa = PBXFileReference; lastKnownFileType = sourcecode.swift; path = SessionResponse.swift; sourceTree = "<group>"; };
		EF13333023503399005EEEE3 /* Dialog.swift */ = {isa = PBXFileReference; lastKnownFileType = sourcecode.swift; path = Dialog.swift; sourceTree = "<group>"; };
		EF1333322350389F005EEEE3 /* Extensions.swift */ = {isa = PBXFileReference; lastKnownFileType = sourcecode.swift; path = Extensions.swift; sourceTree = "<group>"; };
		EF28A21223490CD900C0BD8A /* Category.swift */ = {isa = PBXFileReference; lastKnownFileType = sourcecode.swift; path = Category.swift; sourceTree = "<group>"; };
		EF2FA6232344B529000F09F6 /* MovieDBApp.app */ = {isa = PBXFileReference; explicitFileType = wrapper.application; includeInIndex = 0; path = MovieDBApp.app; sourceTree = BUILT_PRODUCTS_DIR; };
		EF2FA6262344B529000F09F6 /* AppDelegate.swift */ = {isa = PBXFileReference; lastKnownFileType = sourcecode.swift; path = AppDelegate.swift; sourceTree = "<group>"; };
		EF2FA6282344B529000F09F6 /* SceneDelegate.swift */ = {isa = PBXFileReference; lastKnownFileType = sourcecode.swift; path = SceneDelegate.swift; sourceTree = "<group>"; };
		EF2FA62A2344B529000F09F6 /* HomeViewController.swift */ = {isa = PBXFileReference; lastKnownFileType = sourcecode.swift; path = HomeViewController.swift; sourceTree = "<group>"; };
		EF2FA62D2344B529000F09F6 /* Base */ = {isa = PBXFileReference; lastKnownFileType = file.storyboard; name = Base; path = Base.lproj/Main.storyboard; sourceTree = "<group>"; };
		EF2FA62F2344B52B000F09F6 /* Assets.xcassets */ = {isa = PBXFileReference; lastKnownFileType = folder.assetcatalog; path = Assets.xcassets; sourceTree = "<group>"; };
		EF2FA6322344B52B000F09F6 /* Base */ = {isa = PBXFileReference; lastKnownFileType = file.storyboard; name = Base; path = Base.lproj/LaunchScreen.storyboard; sourceTree = "<group>"; };
		EF2FA6342344B52B000F09F6 /* Info.plist */ = {isa = PBXFileReference; lastKnownFileType = text.plist.xml; path = Info.plist; sourceTree = "<group>"; };
		EF2FA63E23465977000F09F6 /* API.swift */ = {isa = PBXFileReference; lastKnownFileType = sourcecode.swift; path = API.swift; sourceTree = "<group>"; };
		EF2FA64023465992000F09F6 /* Routes.swift */ = {isa = PBXFileReference; lastKnownFileType = sourcecode.swift; path = Routes.swift; sourceTree = "<group>"; };
		EF2FA64223465ABD000F09F6 /* NetworkUtil.swift */ = {isa = PBXFileReference; lastKnownFileType = sourcecode.swift; path = NetworkUtil.swift; sourceTree = "<group>"; };
		EF2FA64823465C4A000F09F6 /* SearchMovieListViewController.swift */ = {isa = PBXFileReference; lastKnownFileType = sourcecode.swift; path = SearchMovieListViewController.swift; sourceTree = "<group>"; };
		EF2FA64A23465C67000F09F6 /* MovieDetailViewController.swift */ = {isa = PBXFileReference; lastKnownFileType = sourcecode.swift; path = MovieDetailViewController.swift; sourceTree = "<group>"; };
		EF2FA64C23465C8E000F09F6 /* LoginViewController.swift */ = {isa = PBXFileReference; lastKnownFileType = sourcecode.swift; path = LoginViewController.swift; sourceTree = "<group>"; };
		EF2FA64E2346603E000F09F6 /* MovieListTableViewCell.swift */ = {isa = PBXFileReference; lastKnownFileType = sourcecode.swift; path = MovieListTableViewCell.swift; sourceTree = "<group>"; };
		EF2FA65023466064000F09F6 /* MovieItemCollectionViewCell.swift */ = {isa = PBXFileReference; lastKnownFileType = sourcecode.swift; path = MovieItemCollectionViewCell.swift; sourceTree = "<group>"; };
		EF3A7C292347A34900D99A7F /* MovieInfoResponse.swift */ = {isa = PBXFileReference; lastKnownFileType = sourcecode.swift; path = MovieInfoResponse.swift; sourceTree = "<group>"; };
		EF3A7C2C2347A3D500D99A7F /* MovieVO.swift */ = {isa = PBXFileReference; lastKnownFileType = sourcecode.swift; path = MovieVO.swift; sourceTree = "<group>"; };
		EF3A7C2E2347A3EE00D99A7F /* MovieGenreVO.swift */ = {isa = PBXFileReference; lastKnownFileType = sourcecode.swift; path = MovieGenreVO.swift; sourceTree = "<group>"; };
		EF3A7C302347A43B00D99A7F /* MovieModel.swift */ = {isa = PBXFileReference; lastKnownFileType = sourcecode.swift; path = MovieModel.swift; sourceTree = "<group>"; };
		EF3A7C322347A92500D99A7F /* LoginModel.swift */ = {isa = PBXFileReference; lastKnownFileType = sourcecode.swift; path = LoginModel.swift; sourceTree = "<group>"; };
		EF3A7C342347A94100D99A7F /* MovieListResponse.swift */ = {isa = PBXFileReference; lastKnownFileType = sourcecode.swift; path = MovieListResponse.swift; sourceTree = "<group>"; };
		EF3A7C362347A95000D99A7F /* MovieGenreListResponse.swift */ = {isa = PBXFileReference; lastKnownFileType = sourcecode.swift; path = MovieGenreListResponse.swift; sourceTree = "<group>"; };
		EF3A7C382347A96C00D99A7F /* LoginResponse.swift */ = {isa = PBXFileReference; lastKnownFileType = sourcecode.swift; path = LoginResponse.swift; sourceTree = "<group>"; };
		EF3A7C3A2347AB8000D99A7F /* MovieGenreResponse.swift */ = {isa = PBXFileReference; lastKnownFileType = sourcecode.swift; path = MovieGenreResponse.swift; sourceTree = "<group>"; };
		EF834172234DD3F600FE8656 /* StatusResponse.swift */ = {isa = PBXFileReference; lastKnownFileType = sourcecode.swift; path = StatusResponse.swift; sourceTree = "<group>"; };
		EF834174234DDBA700FE8656 /* ProfileViewController.swift */ = {isa = PBXFileReference; lastKnownFileType = sourcecode.swift; path = ProfileViewController.swift; sourceTree = "<group>"; };
		EF83417D234DF22600FE8656 /* Account.storyboard */ = {isa = PBXFileReference; lastKnownFileType = file.storyboard; name = Account.storyboard; path = "/ShunLH/PADC IOS/Assignments/MovieDBApp/MovieDBApp/storyboards/Account.storyboard"; sourceTree = "<absolute>"; };
		EF8FC619234DF7DD007A0C92 /* ProfileTabBarController.swift */ = {isa = PBXFileReference; lastKnownFileType = sourcecode.swift; path = ProfileTabBarController.swift; sourceTree = "<group>"; };
		EF8FC61B234EE8AB007A0C92 /* CardView.swift */ = {isa = PBXFileReference; lastKnownFileType = sourcecode.swift; path = CardView.swift; sourceTree = "<group>"; };
		EF8FC61D234F210E007A0C92 /* UserVO.swift */ = {isa = PBXFileReference; lastKnownFileType = sourcecode.swift; path = UserVO.swift; sourceTree = "<group>"; };
/* End PBXFileReference section */

/* Begin PBXFrameworksBuildPhase section */
		EF2FA6202344B529000F09F6 /* Frameworks */ = {
			isa = PBXFrameworksBuildPhase;
			buildActionMask = 2147483647;
			files = (
				8382C1B1D235205464CF2697 /* Pods_MovieDBApp.framework in Frameworks */,
			);
			runOnlyForDeploymentPostprocessing = 0;
		};
/* End PBXFrameworksBuildPhase section */

/* Begin PBXGroup section */
		623E518742B1302781A319CA /* Pods */ = {
			isa = PBXGroup;
			children = (
				ABBAC49A175DE76ACA882890 /* Pods-MovieDBApp.debug.xcconfig */,
				55B90176EE81CFBA7BC42D1D /* Pods-MovieDBApp.release.xcconfig */,
			);
			path = Pods;
			sourceTree = "<group>";
		};
		DE6193199632314B94AB95FC /* Frameworks */ = {
			isa = PBXGroup;
			children = (
				58C6751F7EA4C4771C4B72C4 /* Pods_MovieDBApp.framework */,
			);
			name = Frameworks;
			sourceTree = "<group>";
		};
		EF10BB23234DA47C007ECBB6 /* models */ = {
			isa = PBXGroup;
			children = (
				EF3A7C302347A43B00D99A7F /* MovieModel.swift */,
				EF3A7C322347A92500D99A7F /* LoginModel.swift */,
				EF10BB1D234D9A29007ECBB6 /* BaseModel.swift */,
			);
			path = models;
			sourceTree = "<group>";
		};
		EF2FA61A2344B529000F09F6 = {
			isa = PBXGroup;
			children = (
				EF2FA6252344B529000F09F6 /* MovieDBApp */,
				EF2FA6242344B529000F09F6 /* Products */,
				623E518742B1302781A319CA /* Pods */,
				DE6193199632314B94AB95FC /* Frameworks */,
			);
			sourceTree = "<group>";
		};
		EF2FA6242344B529000F09F6 /* Products */ = {
			isa = PBXGroup;
			children = (
				EF2FA6232344B529000F09F6 /* MovieDBApp.app */,
			);
			name = Products;
			sourceTree = "<group>";
		};
		EF2FA6252344B529000F09F6 /* MovieDBApp */ = {
			isa = PBXGroup;
			children = (
				EF8FC618234DF7BC007A0C92 /* components */,
				EF2FA64723465B60000F09F6 /* cells */,
				EF2FA64523465B33000F09F6 /* data */,
				EF2FA63D23465966000F09F6 /* utils */,
				EF2FA63C2344B7BD000F09F6 /* network */,
				EF2FA63B2344B797000F09F6 /* storyboards */,
				EF2FA63A2344B786000F09F6 /* viewcontrollers */,
				EF2FA6262344B529000F09F6 /* AppDelegate.swift */,
				EF2FA6282344B529000F09F6 /* SceneDelegate.swift */,
				EF2FA62F2344B52B000F09F6 /* Assets.xcassets */,
				EF2FA6312344B52B000F09F6 /* LaunchScreen.storyboard */,
				EF2FA6342344B52B000F09F6 /* Info.plist */,
			);
			path = MovieDBApp;
			sourceTree = "<group>";
		};
		EF2FA63A2344B786000F09F6 /* viewcontrollers */ = {
			isa = PBXGroup;
			children = (
				EF2FA62A2344B529000F09F6 /* HomeViewController.swift */,
				EF10BB15234C8C7D007ECBB6 /* YTPlayerViewController.swift */,
				EF2FA64823465C4A000F09F6 /* SearchMovieListViewController.swift */,
				EF2FA64A23465C67000F09F6 /* MovieDetailViewController.swift */,
				EF2FA64C23465C8E000F09F6 /* LoginViewController.swift */,
				EF10BAED2349B497007ECBB6 /* MovieDetail.swift */,
				EF834174234DDBA700FE8656 /* ProfileViewController.swift */,
			);
			path = viewcontrollers;
			sourceTree = "<group>";
		};
		EF2FA63B2344B797000F09F6 /* storyboards */ = {
			isa = PBXGroup;
			children = (
				EF83417D234DF22600FE8656 /* Account.storyboard */,
				EF2FA62C2344B529000F09F6 /* Main.storyboard */,
				EF10BAEB2349B278007ECBB6 /* MovieDetail.storyboard */,
			);
			path = storyboards;
			sourceTree = "<group>";
		};
		EF2FA63C2344B7BD000F09F6 /* network */ = {
			isa = PBXGroup;
			children = (
				EF2FA64423465B23000F09F6 /* response */,
			);
			path = network;
			sourceTree = "<group>";
		};
		EF2FA63D23465966000F09F6 /* utils */ = {
			isa = PBXGroup;
			children = (
				EF2FA63E23465977000F09F6 /* API.swift */,
				EF2FA64023465992000F09F6 /* Routes.swift */,
				EF2FA64223465ABD000F09F6 /* NetworkUtil.swift */,
				EF10BB1F234D9AD7007ECBB6 /* SharedConstants.swift */,
				EF13333023503399005EEEE3 /* Dialog.swift */,
				EF1333322350389F005EEEE3 /* Extensions.swift */,
			);
			path = utils;
			sourceTree = "<group>";
		};
		EF2FA64423465B23000F09F6 /* response */ = {
			isa = PBXGroup;
			children = (
				EF3A7C292347A34900D99A7F /* MovieInfoResponse.swift */,
				EF3A7C342347A94100D99A7F /* MovieListResponse.swift */,
				EF3A7C362347A95000D99A7F /* MovieGenreListResponse.swift */,
				EF3A7C382347A96C00D99A7F /* LoginResponse.swift */,
				EF3A7C3A2347AB8000D99A7F /* MovieGenreResponse.swift */,
				EF10BAEF2349C928007ECBB6 /* MovieDetailResponse.swift */,
				EF10BB17234C9590007ECBB6 /* VideosListResponse.swift */,
				EF10BB19234C95B6007ECBB6 /* Trailer.swift */,
				EF10BB1B234D975C007ECBB6 /* TokenResponse.swift */,
				EF10BB21234DA153007ECBB6 /* SessionResponse.swift */,
				EF834172234DD3F600FE8656 /* StatusResponse.swift */,
			);
			path = response;
			sourceTree = "<group>";
		};
		EF2FA64523465B33000F09F6 /* data */ = {
			isa = PBXGroup;
			children = (
				EF10BB23234DA47C007ECBB6 /* models */,
				EF2FA64623465B38000F09F6 /* vos */,
			);
			path = data;
			sourceTree = "<group>";
		};
		EF2FA64623465B38000F09F6 /* vos */ = {
			isa = PBXGroup;
			children = (
				EF3A7C2C2347A3D500D99A7F /* MovieVO.swift */,
				EF3A7C2E2347A3EE00D99A7F /* MovieGenreVO.swift */,
				EF28A21223490CD900C0BD8A /* Category.swift */,
				EF8FC61D234F210E007A0C92 /* UserVO.swift */,
			);
			path = vos;
			sourceTree = "<group>";
		};
		EF2FA64723465B60000F09F6 /* cells */ = {
			isa = PBXGroup;
			children = (
				EF2FA64E2346603E000F09F6 /* MovieListTableViewCell.swift */,
				EF2FA65023466064000F09F6 /* MovieItemCollectionViewCell.swift */,
			);
			path = cells;
			sourceTree = "<group>";
		};
		EF8FC618234DF7BC007A0C92 /* components */ = {
			isa = PBXGroup;
			children = (
				EF8FC619234DF7DD007A0C92 /* ProfileTabBarController.swift */,
				EF8FC61B234EE8AB007A0C92 /* CardView.swift */,
			);
			path = components;
			sourceTree = "<group>";
		};
/* End PBXGroup section */

/* Begin PBXNativeTarget section */
		EF2FA6222344B529000F09F6 /* MovieDBApp */ = {
			isa = PBXNativeTarget;
			buildConfigurationList = EF2FA6372344B52B000F09F6 /* Build configuration list for PBXNativeTarget "MovieDBApp" */;
			buildPhases = (
				4854E0E754A70B2E5C73E0C4 /* [CP] Check Pods Manifest.lock */,
				EF2FA61F2344B529000F09F6 /* Sources */,
				EF2FA6202344B529000F09F6 /* Frameworks */,
				EF2FA6212344B529000F09F6 /* Resources */,
				48880EE32229F3FE5A11D6AD /* [CP] Embed Pods Frameworks */,
			);
			buildRules = (
			);
			dependencies = (
			);
			name = MovieDBApp;
			productName = MovieDBApp;
			productReference = EF2FA6232344B529000F09F6 /* MovieDBApp.app */;
			productType = "com.apple.product-type.application";
		};
/* End PBXNativeTarget section */

/* Begin PBXProject section */
		EF2FA61B2344B529000F09F6 /* Project object */ = {
			isa = PBXProject;
			attributes = {
				LastSwiftUpdateCheck = 1100;
				LastUpgradeCheck = 1100;
				ORGANIZATIONNAME = SLH;
				TargetAttributes = {
					EF2FA6222344B529000F09F6 = {
						CreatedOnToolsVersion = 11.0;
					};
				};
			};
			buildConfigurationList = EF2FA61E2344B529000F09F6 /* Build configuration list for PBXProject "MovieDBApp" */;
			compatibilityVersion = "Xcode 9.3";
			developmentRegion = en;
			hasScannedForEncodings = 0;
			knownRegions = (
				en,
				Base,
			);
			mainGroup = EF2FA61A2344B529000F09F6;
			productRefGroup = EF2FA6242344B529000F09F6 /* Products */;
			projectDirPath = "";
			projectRoot = "";
			targets = (
				EF2FA6222344B529000F09F6 /* MovieDBApp */,
			);
		};
/* End PBXProject section */

/* Begin PBXResourcesBuildPhase section */
		EF2FA6212344B529000F09F6 /* Resources */ = {
			isa = PBXResourcesBuildPhase;
			buildActionMask = 2147483647;
			files = (
				EF10BAEC2349B278007ECBB6 /* MovieDetail.storyboard in Resources */,
				EF2FA6332344B52B000F09F6 /* LaunchScreen.storyboard in Resources */,
				EF2FA6302344B52B000F09F6 /* Assets.xcassets in Resources */,
				EF8FC617234DF600007A0C92 /* Account.storyboard in Resources */,
				EF2FA62E2344B529000F09F6 /* Main.storyboard in Resources */,
			);
			runOnlyForDeploymentPostprocessing = 0;
		};
/* End PBXResourcesBuildPhase section */

/* Begin PBXShellScriptBuildPhase section */
		4854E0E754A70B2E5C73E0C4 /* [CP] Check Pods Manifest.lock */ = {
			isa = PBXShellScriptBuildPhase;
			buildActionMask = 2147483647;
			files = (
			);
			inputFileListPaths = (
			);
			inputPaths = (
				"${PODS_PODFILE_DIR_PATH}/Podfile.lock",
				"${PODS_ROOT}/Manifest.lock",
			);
			name = "[CP] Check Pods Manifest.lock";
			outputFileListPaths = (
			);
			outputPaths = (
				"$(DERIVED_FILE_DIR)/Pods-MovieDBApp-checkManifestLockResult.txt",
			);
			runOnlyForDeploymentPostprocessing = 0;
			shellPath = /bin/sh;
			shellScript = "diff \"${PODS_PODFILE_DIR_PATH}/Podfile.lock\" \"${PODS_ROOT}/Manifest.lock\" > /dev/null\nif [ $? != 0 ] ; then\n    # print error to STDERR\n    echo \"error: The sandbox is not in sync with the Podfile.lock. Run 'pod install' or update your CocoaPods installation.\" >&2\n    exit 1\nfi\n# This output is used by Xcode 'outputs' to avoid re-running this script phase.\necho \"SUCCESS\" > \"${SCRIPT_OUTPUT_FILE_0}\"\n";
			showEnvVarsInLog = 0;
		};
		48880EE32229F3FE5A11D6AD /* [CP] Embed Pods Frameworks */ = {
			isa = PBXShellScriptBuildPhase;
			buildActionMask = 2147483647;
			files = (
			);
			inputFileListPaths = (
			);
			inputPaths = (
				"${PODS_ROOT}/Target Support Files/Pods-MovieDBApp/Pods-MovieDBApp-frameworks.sh",
				"${BUILT_PRODUCTS_DIR}/NVActivityIndicatorView/NVActivityIndicatorView.framework",
				"${BUILT_PRODUCTS_DIR}/ReachabilitySwift/Reachability.framework",
				"${BUILT_PRODUCTS_DIR}/Realm/Realm.framework",
				"${BUILT_PRODUCTS_DIR}/RealmSwift/RealmSwift.framework",
				"${BUILT_PRODUCTS_DIR}/SDWebImage/SDWebImage.framework",
				"${BUILT_PRODUCTS_DIR}/youtube-ios-player-helper/youtube_ios_player_helper.framework",
			);
			name = "[CP] Embed Pods Frameworks";
			outputFileListPaths = (
			);
			outputPaths = (
				"${TARGET_BUILD_DIR}/${FRAMEWORKS_FOLDER_PATH}/NVActivityIndicatorView.framework",
				"${TARGET_BUILD_DIR}/${FRAMEWORKS_FOLDER_PATH}/Reachability.framework",
				"${TARGET_BUILD_DIR}/${FRAMEWORKS_FOLDER_PATH}/Realm.framework",
				"${TARGET_BUILD_DIR}/${FRAMEWORKS_FOLDER_PATH}/RealmSwift.framework",
				"${TARGET_BUILD_DIR}/${FRAMEWORKS_FOLDER_PATH}/SDWebImage.framework",
				"${TARGET_BUILD_DIR}/${FRAMEWORKS_FOLDER_PATH}/youtube_ios_player_helper.framework",
			);
			runOnlyForDeploymentPostprocessing = 0;
			shellPath = /bin/sh;
			shellScript = "\"${PODS_ROOT}/Target Support Files/Pods-MovieDBApp/Pods-MovieDBApp-frameworks.sh\"\n";
			showEnvVarsInLog = 0;
		};
/* End PBXShellScriptBuildPhase section */

/* Begin PBXSourcesBuildPhase section */
		EF2FA61F2344B529000F09F6 /* Sources */ = {
			isa = PBXSourcesBuildPhase;
			buildActionMask = 2147483647;
			files = (
				EF2FA64D23465C8E000F09F6 /* LoginViewController.swift in Sources */,
				EF3A7C372347A95000D99A7F /* MovieGenreListResponse.swift in Sources */,
				EF10BB1E234D9A29007ECBB6 /* BaseModel.swift in Sources */,
				EF13333123503399005EEEE3 /* Dialog.swift in Sources */,
				EF834173234DD3F600FE8656 /* StatusResponse.swift in Sources */,
				EF10BAF02349C928007ECBB6 /* MovieDetailResponse.swift in Sources */,
				EF3A7C2A2347A34900D99A7F /* MovieInfoResponse.swift in Sources */,
				EF834175234DDBA700FE8656 /* ProfileViewController.swift in Sources */,
				EF8FC61A234DF7DD007A0C92 /* ProfileTabBarController.swift in Sources */,
				EF3A7C3B2347AB8000D99A7F /* MovieGenreResponse.swift in Sources */,
				EF3A7C352347A94100D99A7F /* MovieListResponse.swift in Sources */,
				EF10BB18234C9590007ECBB6 /* VideosListResponse.swift in Sources */,
				EF8FC61E234F210E007A0C92 /* UserVO.swift in Sources */,
				EF2FA62B2344B529000F09F6 /* HomeViewController.swift in Sources */,
				EF1333332350389F005EEEE3 /* Extensions.swift in Sources */,
				EF3A7C2F2347A3EE00D99A7F /* MovieGenreVO.swift in Sources */,
				EF10BB16234C8C7D007ECBB6 /* YTPlayerViewController.swift in Sources */,
				EF8FC61C234EE8AB007A0C92 /* CardView.swift in Sources */,
				EF10BB22234DA153007ECBB6 /* SessionResponse.swift in Sources */,
				EF3A7C392347A96C00D99A7F /* LoginResponse.swift in Sources */,
				EF2FA64923465C4A000F09F6 /* SearchMovieListViewController.swift in Sources */,
				EF3A7C332347A92500D99A7F /* LoginModel.swift in Sources */,
				EF10BB1C234D975C007ECBB6 /* TokenResponse.swift in Sources */,
				EF2FA6272344B529000F09F6 /* AppDelegate.swift in Sources */,
				EF2FA64323465ABD000F09F6 /* NetworkUtil.swift in Sources */,
				EF10BB1A234C95B6007ECBB6 /* Trailer.swift in Sources */,
				EF2FA64B23465C67000F09F6 /* MovieDetailViewController.swift in Sources */,
				EF2FA65223466064000F09F6 /* MovieItemCollectionViewCell.swift in Sources */,
				EF2FA64123465992000F09F6 /* Routes.swift in Sources */,
				EF2FA63F23465977000F09F6 /* API.swift in Sources */,
				EF2FA64F2346603E000F09F6 /* MovieListTableViewCell.swift in Sources */,
				EF3A7C312347A43B00D99A7F /* MovieModel.swift in Sources */,
				EF3A7C2D2347A3D500D99A7F /* MovieVO.swift in Sources */,
				EF10BB20234D9AD7007ECBB6 /* SharedConstants.swift in Sources */,
				EF2FA6292344B529000F09F6 /* SceneDelegate.swift in Sources */,
				EF28A21323490CD900C0BD8A /* Category.swift in Sources */,
				EF10BAEE2349B497007ECBB6 /* MovieDetail.swift in Sources */,
			);
			runOnlyForDeploymentPostprocessing = 0;
		};
/* End PBXSourcesBuildPhase section */

/* Begin PBXVariantGroup section */
		EF2FA62C2344B529000F09F6 /* Main.storyboard */ = {
			isa = PBXVariantGroup;
			children = (
				EF2FA62D2344B529000F09F6 /* Base */,
			);
			name = Main.storyboard;
			sourceTree = "<group>";
		};
		EF2FA6312344B52B000F09F6 /* LaunchScreen.storyboard */ = {
			isa = PBXVariantGroup;
			children = (
				EF2FA6322344B52B000F09F6 /* Base */,
			);
			name = LaunchScreen.storyboard;
			sourceTree = "<group>";
		};
/* End PBXVariantGroup section */

/* Begin XCBuildConfiguration section */
		EF2FA6352344B52B000F09F6 /* Debug */ = {
			isa = XCBuildConfiguration;
			buildSettings = {
				ALWAYS_SEARCH_USER_PATHS = NO;
				CLANG_ANALYZER_NONNULL = YES;
				CLANG_ANALYZER_NUMBER_OBJECT_CONVERSION = YES_AGGRESSIVE;
				CLANG_CXX_LANGUAGE_STANDARD = "gnu++14";
				CLANG_CXX_LIBRARY = "libc++";
				CLANG_ENABLE_MODULES = YES;
				CLANG_ENABLE_OBJC_ARC = YES;
				CLANG_ENABLE_OBJC_WEAK = YES;
				CLANG_WARN_BLOCK_CAPTURE_AUTORELEASING = YES;
				CLANG_WARN_BOOL_CONVERSION = YES;
				CLANG_WARN_COMMA = YES;
				CLANG_WARN_CONSTANT_CONVERSION = YES;
				CLANG_WARN_DEPRECATED_OBJC_IMPLEMENTATIONS = YES;
				CLANG_WARN_DIRECT_OBJC_ISA_USAGE = YES_ERROR;
				CLANG_WARN_DOCUMENTATION_COMMENTS = YES;
				CLANG_WARN_EMPTY_BODY = YES;
				CLANG_WARN_ENUM_CONVERSION = YES;
				CLANG_WARN_INFINITE_RECURSION = YES;
				CLANG_WARN_INT_CONVERSION = YES;
				CLANG_WARN_NON_LITERAL_NULL_CONVERSION = YES;
				CLANG_WARN_OBJC_IMPLICIT_RETAIN_SELF = YES;
				CLANG_WARN_OBJC_LITERAL_CONVERSION = YES;
				CLANG_WARN_OBJC_ROOT_CLASS = YES_ERROR;
				CLANG_WARN_RANGE_LOOP_ANALYSIS = YES;
				CLANG_WARN_STRICT_PROTOTYPES = YES;
				CLANG_WARN_SUSPICIOUS_MOVE = YES;
				CLANG_WARN_UNGUARDED_AVAILABILITY = YES_AGGRESSIVE;
				CLANG_WARN_UNREACHABLE_CODE = YES;
				CLANG_WARN__DUPLICATE_METHOD_MATCH = YES;
				COPY_PHASE_STRIP = NO;
				DEBUG_INFORMATION_FORMAT = dwarf;
				ENABLE_STRICT_OBJC_MSGSEND = YES;
				ENABLE_TESTABILITY = YES;
				GCC_C_LANGUAGE_STANDARD = gnu11;
				GCC_DYNAMIC_NO_PIC = NO;
				GCC_NO_COMMON_BLOCKS = YES;
				GCC_OPTIMIZATION_LEVEL = 0;
				GCC_PREPROCESSOR_DEFINITIONS = (
					"DEBUG=1",
					"$(inherited)",
				);
				GCC_WARN_64_TO_32_BIT_CONVERSION = YES;
				GCC_WARN_ABOUT_RETURN_TYPE = YES_ERROR;
				GCC_WARN_UNDECLARED_SELECTOR = YES;
				GCC_WARN_UNINITIALIZED_AUTOS = YES_AGGRESSIVE;
				GCC_WARN_UNUSED_FUNCTION = YES;
				GCC_WARN_UNUSED_VARIABLE = YES;
				IPHONEOS_DEPLOYMENT_TARGET = 13.0;
				MTL_ENABLE_DEBUG_INFO = INCLUDE_SOURCE;
				MTL_FAST_MATH = YES;
				ONLY_ACTIVE_ARCH = YES;
				SDKROOT = iphoneos;
				SWIFT_ACTIVE_COMPILATION_CONDITIONS = DEBUG;
				SWIFT_OPTIMIZATION_LEVEL = "-Onone";
			};
			name = Debug;
		};
		EF2FA6362344B52B000F09F6 /* Release */ = {
			isa = XCBuildConfiguration;
			buildSettings = {
				ALWAYS_SEARCH_USER_PATHS = NO;
				CLANG_ANALYZER_NONNULL = YES;
				CLANG_ANALYZER_NUMBER_OBJECT_CONVERSION = YES_AGGRESSIVE;
				CLANG_CXX_LANGUAGE_STANDARD = "gnu++14";
				CLANG_CXX_LIBRARY = "libc++";
				CLANG_ENABLE_MODULES = YES;
				CLANG_ENABLE_OBJC_ARC = YES;
				CLANG_ENABLE_OBJC_WEAK = YES;
				CLANG_WARN_BLOCK_CAPTURE_AUTORELEASING = YES;
				CLANG_WARN_BOOL_CONVERSION = YES;
				CLANG_WARN_COMMA = YES;
				CLANG_WARN_CONSTANT_CONVERSION = YES;
				CLANG_WARN_DEPRECATED_OBJC_IMPLEMENTATIONS = YES;
				CLANG_WARN_DIRECT_OBJC_ISA_USAGE = YES_ERROR;
				CLANG_WARN_DOCUMENTATION_COMMENTS = YES;
				CLANG_WARN_EMPTY_BODY = YES;
				CLANG_WARN_ENUM_CONVERSION = YES;
				CLANG_WARN_INFINITE_RECURSION = YES;
				CLANG_WARN_INT_CONVERSION = YES;
				CLANG_WARN_NON_LITERAL_NULL_CONVERSION = YES;
				CLANG_WARN_OBJC_IMPLICIT_RETAIN_SELF = YES;
				CLANG_WARN_OBJC_LITERAL_CONVERSION = YES;
				CLANG_WARN_OBJC_ROOT_CLASS = YES_ERROR;
				CLANG_WARN_RANGE_LOOP_ANALYSIS = YES;
				CLANG_WARN_STRICT_PROTOTYPES = YES;
				CLANG_WARN_SUSPICIOUS_MOVE = YES;
				CLANG_WARN_UNGUARDED_AVAILABILITY = YES_AGGRESSIVE;
				CLANG_WARN_UNREACHABLE_CODE = YES;
				CLANG_WARN__DUPLICATE_METHOD_MATCH = YES;
				COPY_PHASE_STRIP = NO;
				DEBUG_INFORMATION_FORMAT = "dwarf-with-dsym";
				ENABLE_NS_ASSERTIONS = NO;
				ENABLE_STRICT_OBJC_MSGSEND = YES;
				GCC_C_LANGUAGE_STANDARD = gnu11;
				GCC_NO_COMMON_BLOCKS = YES;
				GCC_WARN_64_TO_32_BIT_CONVERSION = YES;
				GCC_WARN_ABOUT_RETURN_TYPE = YES_ERROR;
				GCC_WARN_UNDECLARED_SELECTOR = YES;
				GCC_WARN_UNINITIALIZED_AUTOS = YES_AGGRESSIVE;
				GCC_WARN_UNUSED_FUNCTION = YES;
				GCC_WARN_UNUSED_VARIABLE = YES;
				IPHONEOS_DEPLOYMENT_TARGET = 13.0;
				MTL_ENABLE_DEBUG_INFO = NO;
				MTL_FAST_MATH = YES;
				SDKROOT = iphoneos;
				SWIFT_COMPILATION_MODE = wholemodule;
				SWIFT_OPTIMIZATION_LEVEL = "-O";
				VALIDATE_PRODUCT = YES;
			};
			name = Release;
		};
		EF2FA6382344B52B000F09F6 /* Debug */ = {
			isa = XCBuildConfiguration;
			baseConfigurationReference = ABBAC49A175DE76ACA882890 /* Pods-MovieDBApp.debug.xcconfig */;
			buildSettings = {
				ASSETCATALOG_COMPILER_APPICON_NAME = AppIcon;
				CODE_SIGN_STYLE = Automatic;
				DEVELOPMENT_TEAM = MM33GLD8J3;
				INFOPLIST_FILE = MovieDBApp/Info.plist;
				IPHONEOS_DEPLOYMENT_TARGET = 13.0;
				LD_RUNPATH_SEARCH_PATHS = (
					"$(inherited)",
					"@executable_path/Frameworks",
				);
				PRODUCT_BUNDLE_IDENTIFIER = com.padc.ios.slh.MovieDBApp;
				PRODUCT_NAME = "$(TARGET_NAME)";
				SWIFT_VERSION = 5.0;
				TARGETED_DEVICE_FAMILY = "1,2";
			};
			name = Debug;
		};
		EF2FA6392344B52B000F09F6 /* Release */ = {
			isa = XCBuildConfiguration;
			baseConfigurationReference = 55B90176EE81CFBA7BC42D1D /* Pods-MovieDBApp.release.xcconfig */;
			buildSettings = {
				ASSETCATALOG_COMPILER_APPICON_NAME = AppIcon;
				CODE_SIGN_STYLE = Automatic;
				DEVELOPMENT_TEAM = MM33GLD8J3;
				INFOPLIST_FILE = MovieDBApp/Info.plist;
				IPHONEOS_DEPLOYMENT_TARGET = 13.0;
				LD_RUNPATH_SEARCH_PATHS = (
					"$(inherited)",
					"@executable_path/Frameworks",
				);
				PRODUCT_BUNDLE_IDENTIFIER = com.padc.ios.slh.MovieDBApp;
				PRODUCT_NAME = "$(TARGET_NAME)";
				SWIFT_VERSION = 5.0;
				TARGETED_DEVICE_FAMILY = "1,2";
			};
			name = Release;
		};
/* End XCBuildConfiguration section */

/* Begin XCConfigurationList section */
		EF2FA61E2344B529000F09F6 /* Build configuration list for PBXProject "MovieDBApp" */ = {
			isa = XCConfigurationList;
			buildConfigurations = (
				EF2FA6352344B52B000F09F6 /* Debug */,
				EF2FA6362344B52B000F09F6 /* Release */,
			);
			defaultConfigurationIsVisible = 0;
			defaultConfigurationName = Release;
		};
		EF2FA6372344B52B000F09F6 /* Build configuration list for PBXNativeTarget "MovieDBApp" */ = {
			isa = XCConfigurationList;
			buildConfigurations = (
				EF2FA6382344B52B000F09F6 /* Debug */,
				EF2FA6392344B52B000F09F6 /* Release */,
			);
			defaultConfigurationIsVisible = 0;
			defaultConfigurationName = Release;
		};
/* End XCConfigurationList section */
	};
	rootObject = EF2FA61B2344B529000F09F6 /* Project object */;
}
